
Microsoft Visual Studio Solution File, Format Version 12.00
# Visual Studio Version 17
VisualStudioVersion = 17.0.31903.59
MinimumVisualStudioVersion = 10.0.40219.1
Project("{9A19103F-16F7-4668-BE54-9A1E7A4F7556}") = "GymManagement.Api", "GymManagement.Api\GymManagement.Api.csproj", "{7878444D-1880-458B-BB8A-6AB4E487B41A}"
EndProject
Project("{9A19103F-16F7-4668-BE54-9A1E7A4F7556}") = "GymManagement.Domain", "GymManagement.Domain\GymManagement.Domain.csproj", "{380C2689-2712-4B76-A696-81CF551CF0AF}"
EndProject
Project("{2150E333-8FDC-42A3-9474-1A3956D46DE8}") = "Solution Items", "Solution Items", "{35223881-D083-46FF-BFFB-CBB086E83C9C}"
	ProjectSection(SolutionItems) = preProject
		.editorconfig = .editorconfig
		Directory.Build.props = Directory.Build.props
		README.md = README.md
	EndProjectSection
EndProject
Project("{9A19103F-16F7-4668-BE54-9A1E7A4F7556}") = "GymManagement.Api.Tests", "GymManagement.Api.Tests\GymManagement.Api.Tests.csproj", "{65808AE3-8745-4263-A568-20021C5221D7}"
EndProject
Project("{9A19103F-16F7-4668-BE54-9A1E7A4F7556}") = "GymManagement.Services", "GymManagement.Services\GymManagement.Services.csproj", "{83A3B5FE-FE61-4655-A4A5-F2FCEC32BABF}"
EndProject
Project("{9A19103F-16F7-4668-BE54-9A1E7A4F7556}") = "GymManagement.Subscriptions", "GymManagement.Subscriptions\GymManagement.Subscriptions.csproj", "{A08D54BD-7AF5-4256-B620-D4A733C8138A}"
EndProject
Global
	GlobalSection(SolutionConfigurationPlatforms) = preSolution
		Debug|Any CPU = Debug|Any CPU
		Release|Any CPU = Release|Any CPU
	EndGlobalSection
	GlobalSection(ProjectConfigurationPlatforms) = postSolution
		{7878444D-1880-458B-BB8A-6AB4E487B41A}.Debug|Any CPU.ActiveCfg = Debug|Any CPU
		{7878444D-1880-458B-BB8A-6AB4E487B41A}.Debug|Any CPU.Build.0 = Debug|Any CPU
		{7878444D-1880-458B-BB8A-6AB4E487B41A}.Release|Any CPU.ActiveCfg = Release|Any CPU
		{7878444D-1880-458B-BB8A-6AB4E487B41A}.Release|Any CPU.Build.0 = Release|Any CPU
		{380C2689-2712-4B76-A696-81CF551CF0AF}.Debug|Any CPU.ActiveCfg = Debug|Any CPU
		{380C2689-2712-4B76-A696-81CF551CF0AF}.Debug|Any CPU.Build.0 = Debug|Any CPU
		{380C2689-2712-4B76-A696-81CF551CF0AF}.Release|Any CPU.ActiveCfg = Release|Any CPU
		{380C2689-2712-4B76-A696-81CF551CF0AF}.Release|Any CPU.Build.0 = Release|Any CPU
		{65808AE3-8745-4263-A568-20021C5221D7}.Debug|Any CPU.ActiveCfg = Debug|Any CPU
		{65808AE3-8745-4263-A568-20021C5221D7}.Debug|Any CPU.Build.0 = Debug|Any CPU
		{65808AE3-8745-4263-A568-20021C5221D7}.Release|Any CPU.ActiveCfg = Release|Any CPU
		{65808AE3-8745-4263-A568-20021C5221D7}.Release|Any CPU.Build.0 = Release|Any CPU
		{83A3B5FE-FE61-4655-A4A5-F2FCEC32BABF}.Debug|Any CPU.ActiveCfg = Debug|Any CPU
		{83A3B5FE-FE61-4655-A4A5-F2FCEC32BABF}.Debug|Any CPU.Build.0 = Debug|Any CPU
		{83A3B5FE-FE61-4655-A4A5-F2FCEC32BABF}.Release|Any CPU.ActiveCfg = Release|Any CPU
		{83A3B5FE-FE61-4655-A4A5-F2FCEC32BABF}.Release|Any CPU.Build.0 = Release|Any CPU
		{A08D54BD-7AF5-4256-B620-D4A733C8138A}.Debug|Any CPU.ActiveCfg = Debug|Any CPU
		{A08D54BD-7AF5-4256-B620-D4A733C8138A}.Debug|Any CPU.Build.0 = Debug|Any CPU
		{A08D54BD-7AF5-4256-B620-D4A733C8138A}.Release|Any CPU.ActiveCfg = Release|Any CPU
		{A08D54BD-7AF5-4256-B620-D4A733C8138A}.Release|Any CPU.Build.0 = Release|Any CPU
	EndGlobalSection
	GlobalSection(SolutionProperties) = preSolution
		HideSolutionNode = FALSE
	EndGlobalSection
	GlobalSection(ExtensibilityGlobals) = postSolution
		SolutionGuid = {D74F1CAC-1D89-4BB6-AD1E-0007C72546FC}
	EndGlobalSection
EndGlobal
